
Microsoft Visual Studio Solution File, Format Version 12.00
# Visual Studio Version 17
VisualStudioVersion = 17.10.35027.167
MinimumVisualStudioVersion = 10.0.40219.1
Project("{FAE04EC0-301F-11D3-BF4B-00C04F79EFBC}") = "MyCar_Creation", "MyCar_Creation\MyCar_Creation.csproj", "{C496FFFB-0872-4EF9-9001-E6CA5E1CDBD7}"
EndProject
Global
	GlobalSection(SolutionConfigurationPlatforms) = preSolution
		Debug|Any CPU = Debug|Any CPU
		Release|Any CPU = Release|Any CPU
	EndGlobalSection
	GlobalSection(ProjectConfigurationPlatforms) = postSolution
		{C496FFFB-0872-4EF9-9001-E6CA5E1CDBD7}.Debug|Any CPU.ActiveCfg = Debug|Any CPU
		{C496FFFB-0872-4EF9-9001-E6CA5E1CDBD7}.Debug|Any CPU.Build.0 = Debug|Any CPU
		{C496FFFB-0872-4EF9-9001-E6CA5E1CDBD7}.Release|Any CPU.ActiveCfg = Release|Any CPU
		{C496FFFB-0872-4EF9-9001-E6CA5E1CDBD7}.Release|Any CPU.Build.0 = Release|Any CPU
	EndGlobalSection
	GlobalSection(SolutionProperties) = preSolution
		HideSolutionNode = FALSE
	EndGlobalSection
	GlobalSection(ExtensibilityGlobals) = postSolution
		SolutionGuid = {C3702E24-51B0-4684-BCAB-CC90B8336352}
	EndGlobalSection
EndGlobal
